
Microsoft Visual Studio Solution File, Format Version 12.00
# Visual Studio Version 17
VisualStudioVersion = 17.0.31717.71
MinimumVisualStudioVersion = 10.0.40219.1
Project("{FAE04EC0-301F-11D3-BF4B-00C04F79EFBC}") = "BlazorApp1.Server", "Server\BlazorApp1.Server.csproj", "{C11BC865-7D52-4104-9107-B2FE2C037F21}"
EndProject
Project("{FAE04EC0-301F-11D3-BF4B-00C04F79EFBC}") = "BlazorApp1.Client", "Client\BlazorApp1.Client.csproj", "{E7953340-D37E-43F8-83BA-9533A80E0CD3}"
EndProject
Project("{FAE04EC0-301F-11D3-BF4B-00C04F79EFBC}") = "BlazorApp1.Shared", "Shared\BlazorApp1.Shared.csproj", "{D371A0CF-5CD5-4E2F-BE16-6BF43F9B88C7}"
EndProject
Project("{2150E333-8FDC-42A3-9474-1A3956D46DE8}") = "Solution Items", "Solution Items", "{92E1FD45-4A3C-4F7F-8D6D-F2A94E914A36}"
	ProjectSection(SolutionItems) = preProject
		README.md = README.md
	EndProjectSection
EndProject
Project("{FAE04EC0-301F-11D3-BF4B-00C04F79EFBC}") = "BlazorApp1.Server.Tests", "BlazorApp1.Server.Tests\BlazorApp1.Server.Tests.csproj", "{FC650884-6BA5-4167-8231-B9AD8F326AB4}"
EndProject
Project("{FAE04EC0-301F-11D3-BF4B-00C04F79EFBC}") = "BlazorApp1.Client.Tests", "BlazorApp1.Client.Tests\BlazorApp1.Client.Tests.csproj", "{C4C9B4AA-414F-46C1-BC23-6531FE8D95BE}"
EndProject
Global
	GlobalSection(SolutionConfigurationPlatforms) = preSolution
		Debug|Any CPU = Debug|Any CPU
		Release|Any CPU = Release|Any CPU
	EndGlobalSection
	GlobalSection(ProjectConfigurationPlatforms) = postSolution
		{C11BC865-7D52-4104-9107-B2FE2C037F21}.Debug|Any CPU.ActiveCfg = Debug|Any CPU
		{C11BC865-7D52-4104-9107-B2FE2C037F21}.Debug|Any CPU.Build.0 = Debug|Any CPU
		{C11BC865-7D52-4104-9107-B2FE2C037F21}.Release|Any CPU.ActiveCfg = Release|Any CPU
		{C11BC865-7D52-4104-9107-B2FE2C037F21}.Release|Any CPU.Build.0 = Release|Any CPU
		{E7953340-D37E-43F8-83BA-9533A80E0CD3}.Debug|Any CPU.ActiveCfg = Debug|Any CPU
		{E7953340-D37E-43F8-83BA-9533A80E0CD3}.Debug|Any CPU.Build.0 = Debug|Any CPU
		{E7953340-D37E-43F8-83BA-9533A80E0CD3}.Release|Any CPU.ActiveCfg = Release|Any CPU
		{E7953340-D37E-43F8-83BA-9533A80E0CD3}.Release|Any CPU.Build.0 = Release|Any CPU
		{D371A0CF-5CD5-4E2F-BE16-6BF43F9B88C7}.Debug|Any CPU.ActiveCfg = Debug|Any CPU
		{D371A0CF-5CD5-4E2F-BE16-6BF43F9B88C7}.Debug|Any CPU.Build.0 = Debug|Any CPU
		{D371A0CF-5CD5-4E2F-BE16-6BF43F9B88C7}.Release|Any CPU.ActiveCfg = Release|Any CPU
		{D371A0CF-5CD5-4E2F-BE16-6BF43F9B88C7}.Release|Any CPU.Build.0 = Release|Any CPU
		{FC650884-6BA5-4167-8231-B9AD8F326AB4}.Debug|Any CPU.ActiveCfg = Debug|Any CPU
		{FC650884-6BA5-4167-8231-B9AD8F326AB4}.Debug|Any CPU.Build.0 = Debug|Any CPU
		{FC650884-6BA5-4167-8231-B9AD8F326AB4}.Release|Any CPU.ActiveCfg = Release|Any CPU
		{FC650884-6BA5-4167-8231-B9AD8F326AB4}.Release|Any CPU.Build.0 = Release|Any CPU
		{C4C9B4AA-414F-46C1-BC23-6531FE8D95BE}.Debug|Any CPU.ActiveCfg = Debug|Any CPU
		{C4C9B4AA-414F-46C1-BC23-6531FE8D95BE}.Debug|Any CPU.Build.0 = Debug|Any CPU
		{C4C9B4AA-414F-46C1-BC23-6531FE8D95BE}.Release|Any CPU.ActiveCfg = Release|Any CPU
		{C4C9B4AA-414F-46C1-BC23-6531FE8D95BE}.Release|Any CPU.Build.0 = Release|Any CPU
	EndGlobalSection
	GlobalSection(SolutionProperties) = preSolution
		HideSolutionNode = FALSE
	EndGlobalSection
	GlobalSection(ExtensibilityGlobals) = postSolution
		SolutionGuid = {B8A7F8B9-4B1A-45AC-8E52-2DC347FE613E}
	EndGlobalSection
EndGlobal
